
Microsoft Visual Studio Solution File, Format Version 12.00
# Visual Studio Version 17
VisualStudioVersion = 17.5.33414.496
MinimumVisualStudioVersion = 10.0.40219.1
Project("{9A19103F-16F7-4668-BE54-9A1E7A4F7556}") = "myshop.Web", "myshop.Web\myshop.Web.csproj", "{E81509D0-95E0-40B3-9588-5213370F33D4}"
EndProject
Project("{FAE04EC0-301F-11D3-BF4B-00C04F79EFBC}") = "myshop.Infrastructure", "myshop.Infrastructure\myshop.Infrastructure.csproj", "{DE751542-BCFB-403E-B1E0-B1F9F0187670}"
EndProject
Project("{FAE04EC0-301F-11D3-BF4B-00C04F79EFBC}") = "myshop.Services", "myshop.Application\myshop.Services.csproj", "{365A9E0B-8DFB-49B6-94EA-2261D1D63B28}"
EndProject
Project("{FAE04EC0-301F-11D3-BF4B-00C04F79EFBC}") = "myshop.Entities", "myshop.Entities\myshop.Entities.csproj", "{AC5AC19A-946F-45AE-9890-06644B28D714}"
EndProject
Global
	GlobalSection(SolutionConfigurationPlatforms) = preSolution
		Debug|Any CPU = Debug|Any CPU
		Release|Any CPU = Release|Any CPU
	EndGlobalSection
	GlobalSection(ProjectConfigurationPlatforms) = postSolution
		{E81509D0-95E0-40B3-9588-5213370F33D4}.Debug|Any CPU.ActiveCfg = Debug|Any CPU
		{E81509D0-95E0-40B3-9588-5213370F33D4}.Debug|Any CPU.Build.0 = Debug|Any CPU
		{E81509D0-95E0-40B3-9588-5213370F33D4}.Release|Any CPU.ActiveCfg = Release|Any CPU
		{E81509D0-95E0-40B3-9588-5213370F33D4}.Release|Any CPU.Build.0 = Release|Any CPU
		{DE751542-BCFB-403E-B1E0-B1F9F0187670}.Debug|Any CPU.ActiveCfg = Debug|Any CPU
		{DE751542-BCFB-403E-B1E0-B1F9F0187670}.Debug|Any CPU.Build.0 = Debug|Any CPU
		{DE751542-BCFB-403E-B1E0-B1F9F0187670}.Release|Any CPU.ActiveCfg = Release|Any CPU
		{DE751542-BCFB-403E-B1E0-B1F9F0187670}.Release|Any CPU.Build.0 = Release|Any CPU
		{365A9E0B-8DFB-49B6-94EA-2261D1D63B28}.Debug|Any CPU.ActiveCfg = Debug|Any CPU
		{365A9E0B-8DFB-49B6-94EA-2261D1D63B28}.Debug|Any CPU.Build.0 = Debug|Any CPU
		{365A9E0B-8DFB-49B6-94EA-2261D1D63B28}.Release|Any CPU.ActiveCfg = Release|Any CPU
		{365A9E0B-8DFB-49B6-94EA-2261D1D63B28}.Release|Any CPU.Build.0 = Release|Any CPU
		{AC5AC19A-946F-45AE-9890-06644B28D714}.Debug|Any CPU.ActiveCfg = Debug|Any CPU
		{AC5AC19A-946F-45AE-9890-06644B28D714}.Debug|Any CPU.Build.0 = Debug|Any CPU
		{AC5AC19A-946F-45AE-9890-06644B28D714}.Release|Any CPU.ActiveCfg = Release|Any CPU
		{AC5AC19A-946F-45AE-9890-06644B28D714}.Release|Any CPU.Build.0 = Release|Any CPU
	EndGlobalSection
	GlobalSection(SolutionProperties) = preSolution
		HideSolutionNode = FALSE
	EndGlobalSection
	GlobalSection(ExtensibilityGlobals) = postSolution
		SolutionGuid = {C9468A3D-45DC-4208-828C-DB11ABD7EDEF}
	EndGlobalSection
EndGlobal
